
Microsoft Visual Studio Solution File, Format Version 12.00
# Visual Studio Version 17
VisualStudioVersion = 17.10.35027.167
MinimumVisualStudioVersion = 10.0.40219.1
Project("{FAE04EC0-301F-11D3-BF4B-00C04F79EFBC}") = "Quan ly ban quan ao", "Quan ly ban quan ao\Quan ly ban quan ao.csproj", "{67744873-27BB-4C96-B818-B911493AD054}"
EndProject
Global
	GlobalSection(SolutionConfigurationPlatforms) = preSolution
		Debug|Any CPU = Debug|Any CPU
		Release|Any CPU = Release|Any CPU
	EndGlobalSection
	GlobalSection(ProjectConfigurationPlatforms) = postSolution
		{67744873-27BB-4C96-B818-B911493AD054}.Debug|Any CPU.ActiveCfg = Debug|Any CPU
		{67744873-27BB-4C96-B818-B911493AD054}.Debug|Any CPU.Build.0 = Debug|Any CPU
		{67744873-27BB-4C96-B818-B911493AD054}.Release|Any CPU.ActiveCfg = Release|Any CPU
		{67744873-27BB-4C96-B818-B911493AD054}.Release|Any CPU.Build.0 = Release|Any CPU
	EndGlobalSection
	GlobalSection(SolutionProperties) = preSolution
		HideSolutionNode = FALSE
	EndGlobalSection
	GlobalSection(ExtensibilityGlobals) = postSolution
		SolutionGuid = {0012A598-F68C-4BBB-910F-4668FBEF313C}
	EndGlobalSection
EndGlobal
